
Microsoft Visual Studio Solution File, Format Version 12.00
# Visual Studio 14
VisualStudioVersion = 14.0.25123.0
MinimumVisualStudioVersion = 10.0.40219.1
Project("{FAE04EC0-301F-11D3-BF4B-00C04F79EFBC}") = "Camera Configuration File Editor", "Camera Configuration File Editor\Camera Configuration File Editor.csproj", "{317198DB-98C2-4879-BEE6-5214D413292C}"
EndProject
Project("{FAE04EC0-301F-11D3-BF4B-00C04F79EFBC}") = "Camera Configuration File EditorTests", "Camera Configuration File EditorTests\Camera Configuration File EditorTests.csproj", "{9023D808-C2AE-43E9-8569-A0A8CA7BB490}"
EndProject
Global
	GlobalSection(SolutionConfigurationPlatforms) = preSolution
		Debug|Any CPU = Debug|Any CPU
		Release|Any CPU = Release|Any CPU
	EndGlobalSection
	GlobalSection(ProjectConfigurationPlatforms) = postSolution
		{317198DB-98C2-4879-BEE6-5214D413292C}.Debug|Any CPU.ActiveCfg = Debug|Any CPU
		{317198DB-98C2-4879-BEE6-5214D413292C}.Debug|Any CPU.Build.0 = Debug|Any CPU
		{317198DB-98C2-4879-BEE6-5214D413292C}.Release|Any CPU.ActiveCfg = Release|Any CPU
		{317198DB-98C2-4879-BEE6-5214D413292C}.Release|Any CPU.Build.0 = Release|Any CPU
		{9023D808-C2AE-43E9-8569-A0A8CA7BB490}.Debug|Any CPU.ActiveCfg = Debug|Any CPU
		{9023D808-C2AE-43E9-8569-A0A8CA7BB490}.Debug|Any CPU.Build.0 = Debug|Any CPU
		{9023D808-C2AE-43E9-8569-A0A8CA7BB490}.Release|Any CPU.ActiveCfg = Release|Any CPU
		{9023D808-C2AE-43E9-8569-A0A8CA7BB490}.Release|Any CPU.Build.0 = Release|Any CPU
	EndGlobalSection
	GlobalSection(SolutionProperties) = preSolution
		HideSolutionNode = FALSE
	EndGlobalSection
EndGlobal
